{
  "name": "webinar-2017-discovering-the-arcgis-javascript-4.x-api",
  "version": "1.0.0",
  "lockfileVersion": 1,
  "requires": true,
  "dependencies": {
    "highlightjs": {
      "version": "9.10.0",
      "resolved": "https://registry.npmjs.org/highlightjs/-/highlightjs-9.10.0.tgz",
      "integrity": "sha1-/Km3jdqjsavKidbD7hBa0nCoAZA="
    },
    "reveal.js": {
      "version": "3.5.0",
      "resolved": "https://registry.npmjs.org/reveal.js/-/reveal.js-3.5.0.tgz",
      "integrity": "sha1-lVRZSa1oJjas7P2uoFzwyoktRC0="
    }
  }
}
